
Microsoft Visual Studio Solution File, Format Version 12.00
# Visual Studio Version 16
VisualStudioVersion = 16.0.30907.101
MinimumVisualStudioVersion = 10.0.40219.1
Project("{2150E333-8FDC-42A3-9474-1A3956D46DE8}") = "ShopManagement", "ShopManagement", "{2185943D-22B3-4B71-9068-BEDA9F7667DA}"
EndProject
Project("{2150E333-8FDC-42A3-9474-1A3956D46DE8}") = "SM.Domain", "SM.Domain", "{04352A9A-9DBD-4CEB-89FB-1D18F74C7635}"
EndProject
Project("{2150E333-8FDC-42A3-9474-1A3956D46DE8}") = "SM.Application", "SM.Application", "{EEA925FB-74BA-42CD-8040-3F6B275BE70F}"
EndProject
Project("{2150E333-8FDC-42A3-9474-1A3956D46DE8}") = "SM.Infrastructor", "SM.Infrastructor", "{4A4A370D-846D-4961-8FBC-6C8405DF47A4}"
EndProject
Project("{9A19103F-16F7-4668-BE54-9A1E7A4F7556}") = "ShopManagement.Domain", "ShopManagement.Domain\ShopManagement.Domain.csproj", "{C569370B-234D-4717-8DCA-B1A523577445}"
EndProject
Project("{9A19103F-16F7-4668-BE54-9A1E7A4F7556}") = "ShopManagement.Application", "ShopManagement.Application\ShopManagement.Application.csproj", "{F25CA6BC-6193-4CAC-9361-358A40E2EEF7}"
EndProject
Project("{9A19103F-16F7-4668-BE54-9A1E7A4F7556}") = "ShopManagement.Application.Constract", "ShopManagement.Application.Constract\ShopManagement.Application.Constract.csproj", "{D14ED5A4-28BE-4C2D-B7BD-9D2EB1E296E7}"
EndProject
Project("{2150E333-8FDC-42A3-9474-1A3956D46DE8}") = "Utility", "Utility", "{8FDCE896-11DC-4A35-8624-2D5909C080EA}"
EndProject
Project("{9A19103F-16F7-4668-BE54-9A1E7A4F7556}") = "UtilityFreamwork", "UtilityFreamwork\UtilityFreamwork.csproj", "{83BE541A-B354-41CF-828F-CCD2252CB3A8}"
EndProject
Project("{9A19103F-16F7-4668-BE54-9A1E7A4F7556}") = "ShopManagement.Infrastructure.EFCore", "ShopManagement.Infrastructure.EFCore\ShopManagement.Infrastructure.EFCore.csproj", "{5C76B63A-41AE-48BB-BB81-718B40C0CFB0}"
EndProject
Project("{9A19103F-16F7-4668-BE54-9A1E7A4F7556}") = "ShopManagement.Configuration", "ShopManagement.Configuration\ShopManagement.Configuration.csproj", "{D2B4FC2C-7B62-4078-BA33-13086F2F3B8F}"
EndProject
Project("{9A19103F-16F7-4668-BE54-9A1E7A4F7556}") = "ServiceHost", "ServiceHost\ServiceHost.csproj", "{56F35584-A3CC-48AE-9D7E-4FAF03497987}"
EndProject
Project("{2150E333-8FDC-42A3-9474-1A3956D46DE8}") = "Query", "Query", "{43FF568E-0231-446F-94E9-5ADF50B32719}"
EndProject
Project("{9A19103F-16F7-4668-BE54-9A1E7A4F7556}") = "StoreQuery", "StoreQuery\StoreQuery.csproj", "{4E6F5467-DCB9-42CD-ADD3-1B91B644CF73}"
EndProject
Project("{2150E333-8FDC-42A3-9474-1A3956D46DE8}") = "DiscountManagement", "DiscountManagement", "{AC5C6CBA-19E0-41C7-8820-1AFB431E51A2}"
EndProject
Project("{2150E333-8FDC-42A3-9474-1A3956D46DE8}") = "DM.Domain", "DM.Domain", "{08579082-A0A4-45D7-9B54-6787B3DEC7FB}"
EndProject
Project("{2150E333-8FDC-42A3-9474-1A3956D46DE8}") = "DM.Application", "DM.Application", "{D2FEF1C1-FA36-4412-AC9B-7051B053DB13}"
EndProject
Project("{2150E333-8FDC-42A3-9474-1A3956D46DE8}") = "DM.Infrastructure", "DM.Infrastructure", "{FDD90C5C-8410-4774-8A36-7E1CBC66D11C}"
EndProject
Project("{9A19103F-16F7-4668-BE54-9A1E7A4F7556}") = "DiscountManagement.Domain", "DiscountManagement.Domain\DiscountManagement.Domain.csproj", "{7223350F-8B46-4AA5-9061-2CF92607B723}"
EndProject
Project("{9A19103F-16F7-4668-BE54-9A1E7A4F7556}") = "DiscountManagement.Application.Constracts", "DiscountManagement.Application.Constracts\DiscountManagement.Application.Constracts.csproj", "{244D2918-CA0E-4A6B-BD31-A1D585782F5A}"
EndProject
Project("{9A19103F-16F7-4668-BE54-9A1E7A4F7556}") = "DiscountManagement.Application", "DiscountManagement.Application\DiscountManagement.Application.csproj", "{20B49644-4704-44CE-BD31-0727595961C0}"
EndProject
Project("{9A19103F-16F7-4668-BE54-9A1E7A4F7556}") = "DiscountManagement.Infrastructure", "DiscountManagement.Infrastructure\DiscountManagement.Infrastructure.csproj", "{76D4306A-5F09-4F05-BEA6-DA087DBA31B8}"
EndProject
Project("{9A19103F-16F7-4668-BE54-9A1E7A4F7556}") = "DiscountManagement.Configuration", "DiscountManagement.Configuration\DiscountManagement.Configuration.csproj", "{31C51181-DD21-44C1-9094-5087C4B0BFF9}"
EndProject
Project("{2150E333-8FDC-42A3-9474-1A3956D46DE8}") = "InventoryManagement", "InventoryManagement", "{95CDA0E7-F744-450D-894E-5E1831206CFD}"
EndProject
Project("{2150E333-8FDC-42A3-9474-1A3956D46DE8}") = "IM.Domain", "IM.Domain", "{FD1F8AE8-0C22-4442-A343-9271F6A7AE77}"
EndProject
Project("{9A19103F-16F7-4668-BE54-9A1E7A4F7556}") = "InventoryManagement.Domain", "InventoryManagement.Domain\InventoryManagement.Domain.csproj", "{63405A7B-60FB-44E3-A958-17781FCE25F8}"
EndProject
Project("{2150E333-8FDC-42A3-9474-1A3956D46DE8}") = "IM.Application", "IM.Application", "{8A54040B-88A9-4338-A060-941C9DB5A801}"
EndProject
Project("{9A19103F-16F7-4668-BE54-9A1E7A4F7556}") = "InventoryManagement.Application.Constracts", "InventoryManagement.Application.Constracts\InventoryManagement.Application.Constracts.csproj", "{D4769A2A-E715-472E-8086-218710E05EEA}"
EndProject
Project("{9A19103F-16F7-4668-BE54-9A1E7A4F7556}") = "InventoryManagement.Application", "InventoryManagement.Application\InventoryManagement.Application.csproj", "{AC417A11-D23B-4B35-A51C-A294F871568B}"
EndProject
Project("{2150E333-8FDC-42A3-9474-1A3956D46DE8}") = "IM,Infrastructure", "IM,Infrastructure", "{5A459B0F-5AD2-4DAC-B398-0F15C8E8FF24}"
EndProject
Project("{9A19103F-16F7-4668-BE54-9A1E7A4F7556}") = "InventoryManagement.Infrastructure.EFCore", "InventoryManagement.Infrastructure.EFCore\InventoryManagement.Infrastructure.EFCore.csproj", "{CDE1CEC3-8E26-4758-9C57-B852831A13BD}"
EndProject
Project("{9A19103F-16F7-4668-BE54-9A1E7A4F7556}") = "InventoryManagement.Infrastructure.Configuration", "InventoryManagement.Infrastructure.Configuration\InventoryManagement.Infrastructure.Configuration.csproj", "{EEEB7CAF-3410-4F29-B19E-169F0120C64D}"
EndProject
Project("{2150E333-8FDC-42A3-9474-1A3956D46DE8}") = "BlogManagement", "BlogManagement", "{F9876AD2-5198-45F9-AA65-A98AEB813255}"
EndProject
Project("{2150E333-8FDC-42A3-9474-1A3956D46DE8}") = "BM.Domain", "BM.Domain", "{391D4E4B-A580-44DF-A726-AFB4644B1E51}"
EndProject
Project("{2150E333-8FDC-42A3-9474-1A3956D46DE8}") = "BM.Application", "BM.Application", "{88BEAC18-9D07-4923-8D7E-FA1BBC2E24DF}"
EndProject
Project("{2150E333-8FDC-42A3-9474-1A3956D46DE8}") = "BM.Infrastracture", "BM.Infrastracture", "{B3525F06-A145-4782-A12F-84B6EB3F721A}"
EndProject
Project("{9A19103F-16F7-4668-BE54-9A1E7A4F7556}") = "BlogManagement.Domain", "BlogManagement.Domain\BlogManagement.Domain.csproj", "{B6280E77-7B15-4372-8570-F80B97E50A75}"
EndProject
Project("{9A19103F-16F7-4668-BE54-9A1E7A4F7556}") = "BlogManagement.Application.Constract", "BlogManagement.Application.Constract\BlogManagement.Application.Constract.csproj", "{3E63C084-DD0B-4DF9-A8EC-E50B0CE0F279}"
EndProject
Project("{9A19103F-16F7-4668-BE54-9A1E7A4F7556}") = "BlogManagement.Application", "BlogManagement.Application\BlogManagement.Application.csproj", "{E52BC44E-C3F6-4B1D-88ED-B2A92ECE160E}"
EndProject
Project("{9A19103F-16F7-4668-BE54-9A1E7A4F7556}") = "BlogManagement.Infrastacture.EFCore", "BlogManagement.Infrastacture.EFCore\BlogManagement.Infrastacture.EFCore.csproj", "{769ECF37-9DF8-4FBC-89F6-AA8563A08A0F}"
EndProject
Project("{9A19103F-16F7-4668-BE54-9A1E7A4F7556}") = "BlogManagement.Infrastracture.Configuration", "BlogManagement.Infrastracture.Configuration\BlogManagement.Infrastracture.Configuration.csproj", "{8A1125A5-88AA-4A2D-A230-75C137817080}"
EndProject
Project("{2150E333-8FDC-42A3-9474-1A3956D46DE8}") = "AccountManagement", "AccountManagement", "{29E98F90-CE2B-429B-A82A-1864CC5D4D51}"
EndProject
Project("{2150E333-8FDC-42A3-9474-1A3956D46DE8}") = "AM.Domain", "AM.Domain", "{CCAB54DA-93A8-4883-9732-726E33D76A8A}"
EndProject
Project("{2150E333-8FDC-42A3-9474-1A3956D46DE8}") = "AM.Application", "AM.Application", "{483CC647-A17E-422E-AAB1-396DBE15F905}"
EndProject
Project("{2150E333-8FDC-42A3-9474-1A3956D46DE8}") = "AM.Infrastructure", "AM.Infrastructure", "{7E2BE4DD-7B05-4FE0-9707-6F72704F54B0}"
EndProject
Project("{FAE04EC0-301F-11D3-BF4B-00C04F79EFBC}") = "AccountManagement.Domain", "AccountManagement.Domain\AccountManagement.Domain.csproj", "{86301FCB-1060-4217-88AD-22D295974C58}"
EndProject
Project("{FAE04EC0-301F-11D3-BF4B-00C04F79EFBC}") = "AccountManagement.Application.Constracts", "AccountManagement.Application.Constracts\AccountManagement.Application.Constracts.csproj", "{978DC30C-64BB-482D-97E4-A5E5D98A44EE}"
EndProject
Project("{FAE04EC0-301F-11D3-BF4B-00C04F79EFBC}") = "AccountManagement.Application", "AccountManagement.Application\AccountManagement.Application.csproj", "{094DC61A-273C-4127-AE41-B59B2DE4855B}"
EndProject
Project("{FAE04EC0-301F-11D3-BF4B-00C04F79EFBC}") = "AccountManagement.Infrastructure.EFCore", "AccountManagement.Infrastructure.EFCore\AccountManagement.Infrastructure.EFCore.csproj", "{245E7226-E240-497D-AD98-0496F2FB1ADA}"
EndProject
Project("{FAE04EC0-301F-11D3-BF4B-00C04F79EFBC}") = "AccountManagement.Infrastructure.Configuration", "AccountManagement.Infrastructure.Configuration\AccountManagement.Infrastructure.Configuration.csproj", "{693D6ED5-897A-4300-9A9E-C60338599BF1}"
EndProject
Global
	GlobalSection(SolutionConfigurationPlatforms) = preSolution
		Debug|Any CPU = Debug|Any CPU
		Release|Any CPU = Release|Any CPU
	EndGlobalSection
	GlobalSection(ProjectConfigurationPlatforms) = postSolution
		{C569370B-234D-4717-8DCA-B1A523577445}.Debug|Any CPU.ActiveCfg = Debug|Any CPU
		{C569370B-234D-4717-8DCA-B1A523577445}.Debug|Any CPU.Build.0 = Debug|Any CPU
		{C569370B-234D-4717-8DCA-B1A523577445}.Release|Any CPU.ActiveCfg = Release|Any CPU
		{C569370B-234D-4717-8DCA-B1A523577445}.Release|Any CPU.Build.0 = Release|Any CPU
		{F25CA6BC-6193-4CAC-9361-358A40E2EEF7}.Debug|Any CPU.ActiveCfg = Debug|Any CPU
		{F25CA6BC-6193-4CAC-9361-358A40E2EEF7}.Debug|Any CPU.Build.0 = Debug|Any CPU
		{F25CA6BC-6193-4CAC-9361-358A40E2EEF7}.Release|Any CPU.ActiveCfg = Release|Any CPU
		{F25CA6BC-6193-4CAC-9361-358A40E2EEF7}.Release|Any CPU.Build.0 = Release|Any CPU
		{D14ED5A4-28BE-4C2D-B7BD-9D2EB1E296E7}.Debug|Any CPU.ActiveCfg = Debug|Any CPU
		{D14ED5A4-28BE-4C2D-B7BD-9D2EB1E296E7}.Debug|Any CPU.Build.0 = Debug|Any CPU
		{D14ED5A4-28BE-4C2D-B7BD-9D2EB1E296E7}.Release|Any CPU.ActiveCfg = Release|Any CPU
		{D14ED5A4-28BE-4C2D-B7BD-9D2EB1E296E7}.Release|Any CPU.Build.0 = Release|Any CPU
		{83BE541A-B354-41CF-828F-CCD2252CB3A8}.Debug|Any CPU.ActiveCfg = Debug|Any CPU
		{83BE541A-B354-41CF-828F-CCD2252CB3A8}.Debug|Any CPU.Build.0 = Debug|Any CPU
		{83BE541A-B354-41CF-828F-CCD2252CB3A8}.Release|Any CPU.ActiveCfg = Release|Any CPU
		{83BE541A-B354-41CF-828F-CCD2252CB3A8}.Release|Any CPU.Build.0 = Release|Any CPU
		{5C76B63A-41AE-48BB-BB81-718B40C0CFB0}.Debug|Any CPU.ActiveCfg = Debug|Any CPU
		{5C76B63A-41AE-48BB-BB81-718B40C0CFB0}.Debug|Any CPU.Build.0 = Debug|Any CPU
		{5C76B63A-41AE-48BB-BB81-718B40C0CFB0}.Release|Any CPU.ActiveCfg = Release|Any CPU
		{5C76B63A-41AE-48BB-BB81-718B40C0CFB0}.Release|Any CPU.Build.0 = Release|Any CPU
		{D2B4FC2C-7B62-4078-BA33-13086F2F3B8F}.Debug|Any CPU.ActiveCfg = Debug|Any CPU
		{D2B4FC2C-7B62-4078-BA33-13086F2F3B8F}.Debug|Any CPU.Build.0 = Debug|Any CPU
		{D2B4FC2C-7B62-4078-BA33-13086F2F3B8F}.Release|Any CPU.ActiveCfg = Release|Any CPU
		{D2B4FC2C-7B62-4078-BA33-13086F2F3B8F}.Release|Any CPU.Build.0 = Release|Any CPU
		{56F35584-A3CC-48AE-9D7E-4FAF03497987}.Debug|Any CPU.ActiveCfg = Debug|Any CPU
		{56F35584-A3CC-48AE-9D7E-4FAF03497987}.Debug|Any CPU.Build.0 = Debug|Any CPU
		{56F35584-A3CC-48AE-9D7E-4FAF03497987}.Release|Any CPU.ActiveCfg = Release|Any CPU
		{56F35584-A3CC-48AE-9D7E-4FAF03497987}.Release|Any CPU.Build.0 = Release|Any CPU
		{4E6F5467-DCB9-42CD-ADD3-1B91B644CF73}.Debug|Any CPU.ActiveCfg = Debug|Any CPU
		{4E6F5467-DCB9-42CD-ADD3-1B91B644CF73}.Debug|Any CPU.Build.0 = Debug|Any CPU
		{4E6F5467-DCB9-42CD-ADD3-1B91B644CF73}.Release|Any CPU.ActiveCfg = Release|Any CPU
		{4E6F5467-DCB9-42CD-ADD3-1B91B644CF73}.Release|Any CPU.Build.0 = Release|Any CPU
		{7223350F-8B46-4AA5-9061-2CF92607B723}.Debug|Any CPU.ActiveCfg = Debug|Any CPU
		{7223350F-8B46-4AA5-9061-2CF92607B723}.Debug|Any CPU.Build.0 = Debug|Any CPU
		{7223350F-8B46-4AA5-9061-2CF92607B723}.Release|Any CPU.ActiveCfg = Release|Any CPU
		{7223350F-8B46-4AA5-9061-2CF92607B723}.Release|Any CPU.Build.0 = Release|Any CPU
		{244D2918-CA0E-4A6B-BD31-A1D585782F5A}.Debug|Any CPU.ActiveCfg = Debug|Any CPU
		{244D2918-CA0E-4A6B-BD31-A1D585782F5A}.Debug|Any CPU.Build.0 = Debug|Any CPU
		{244D2918-CA0E-4A6B-BD31-A1D585782F5A}.Release|Any CPU.ActiveCfg = Release|Any CPU
		{244D2918-CA0E-4A6B-BD31-A1D585782F5A}.Release|Any CPU.Build.0 = Release|Any CPU
		{20B49644-4704-44CE-BD31-0727595961C0}.Debug|Any CPU.ActiveCfg = Debug|Any CPU
		{20B49644-4704-44CE-BD31-0727595961C0}.Debug|Any CPU.Build.0 = Debug|Any CPU
		{20B49644-4704-44CE-BD31-0727595961C0}.Release|Any CPU.ActiveCfg = Release|Any CPU
		{20B49644-4704-44CE-BD31-0727595961C0}.Release|Any CPU.Build.0 = Release|Any CPU
		{76D4306A-5F09-4F05-BEA6-DA087DBA31B8}.Debug|Any CPU.ActiveCfg = Debug|Any CPU
		{76D4306A-5F09-4F05-BEA6-DA087DBA31B8}.Debug|Any CPU.Build.0 = Debug|Any CPU
		{76D4306A-5F09-4F05-BEA6-DA087DBA31B8}.Release|Any CPU.ActiveCfg = Release|Any CPU
		{76D4306A-5F09-4F05-BEA6-DA087DBA31B8}.Release|Any CPU.Build.0 = Release|Any CPU
		{31C51181-DD21-44C1-9094-5087C4B0BFF9}.Debug|Any CPU.ActiveCfg = Debug|Any CPU
		{31C51181-DD21-44C1-9094-5087C4B0BFF9}.Debug|Any CPU.Build.0 = Debug|Any CPU
		{31C51181-DD21-44C1-9094-5087C4B0BFF9}.Release|Any CPU.ActiveCfg = Release|Any CPU
		{31C51181-DD21-44C1-9094-5087C4B0BFF9}.Release|Any CPU.Build.0 = Release|Any CPU
		{63405A7B-60FB-44E3-A958-17781FCE25F8}.Debug|Any CPU.ActiveCfg = Debug|Any CPU
		{63405A7B-60FB-44E3-A958-17781FCE25F8}.Debug|Any CPU.Build.0 = Debug|Any CPU
		{63405A7B-60FB-44E3-A958-17781FCE25F8}.Release|Any CPU.ActiveCfg = Release|Any CPU
		{63405A7B-60FB-44E3-A958-17781FCE25F8}.Release|Any CPU.Build.0 = Release|Any CPU
		{D4769A2A-E715-472E-8086-218710E05EEA}.Debug|Any CPU.ActiveCfg = Debug|Any CPU
		{D4769A2A-E715-472E-8086-218710E05EEA}.Debug|Any CPU.Build.0 = Debug|Any CPU
		{D4769A2A-E715-472E-8086-218710E05EEA}.Release|Any CPU.ActiveCfg = Release|Any CPU
		{D4769A2A-E715-472E-8086-218710E05EEA}.Release|Any CPU.Build.0 = Release|Any CPU
		{AC417A11-D23B-4B35-A51C-A294F871568B}.Debug|Any CPU.ActiveCfg = Debug|Any CPU
		{AC417A11-D23B-4B35-A51C-A294F871568B}.Debug|Any CPU.Build.0 = Debug|Any CPU
		{AC417A11-D23B-4B35-A51C-A294F871568B}.Release|Any CPU.ActiveCfg = Release|Any CPU
		{AC417A11-D23B-4B35-A51C-A294F871568B}.Release|Any CPU.Build.0 = Release|Any CPU
		{CDE1CEC3-8E26-4758-9C57-B852831A13BD}.Debug|Any CPU.ActiveCfg = Debug|Any CPU
		{CDE1CEC3-8E26-4758-9C57-B852831A13BD}.Debug|Any CPU.Build.0 = Debug|Any CPU
		{CDE1CEC3-8E26-4758-9C57-B852831A13BD}.Release|Any CPU.ActiveCfg = Release|Any CPU
		{CDE1CEC3-8E26-4758-9C57-B852831A13BD}.Release|Any CPU.Build.0 = Release|Any CPU
		{EEEB7CAF-3410-4F29-B19E-169F0120C64D}.Debug|Any CPU.ActiveCfg = Debug|Any CPU
		{EEEB7CAF-3410-4F29-B19E-169F0120C64D}.Debug|Any CPU.Build.0 = Debug|Any CPU
		{EEEB7CAF-3410-4F29-B19E-169F0120C64D}.Release|Any CPU.ActiveCfg = Release|Any CPU
		{EEEB7CAF-3410-4F29-B19E-169F0120C64D}.Release|Any CPU.Build.0 = Release|Any CPU
		{B6280E77-7B15-4372-8570-F80B97E50A75}.Debug|Any CPU.ActiveCfg = Debug|Any CPU
		{B6280E77-7B15-4372-8570-F80B97E50A75}.Debug|Any CPU.Build.0 = Debug|Any CPU
		{B6280E77-7B15-4372-8570-F80B97E50A75}.Release|Any CPU.ActiveCfg = Release|Any CPU
		{B6280E77-7B15-4372-8570-F80B97E50A75}.Release|Any CPU.Build.0 = Release|Any CPU
		{3E63C084-DD0B-4DF9-A8EC-E50B0CE0F279}.Debug|Any CPU.ActiveCfg = Debug|Any CPU
		{3E63C084-DD0B-4DF9-A8EC-E50B0CE0F279}.Debug|Any CPU.Build.0 = Debug|Any CPU
		{3E63C084-DD0B-4DF9-A8EC-E50B0CE0F279}.Release|Any CPU.ActiveCfg = Release|Any CPU
		{3E63C084-DD0B-4DF9-A8EC-E50B0CE0F279}.Release|Any CPU.Build.0 = Release|Any CPU
		{E52BC44E-C3F6-4B1D-88ED-B2A92ECE160E}.Debug|Any CPU.ActiveCfg = Debug|Any CPU
		{E52BC44E-C3F6-4B1D-88ED-B2A92ECE160E}.Debug|Any CPU.Build.0 = Debug|Any CPU
		{E52BC44E-C3F6-4B1D-88ED-B2A92ECE160E}.Release|Any CPU.ActiveCfg = Release|Any CPU
		{E52BC44E-C3F6-4B1D-88ED-B2A92ECE160E}.Release|Any CPU.Build.0 = Release|Any CPU
		{769ECF37-9DF8-4FBC-89F6-AA8563A08A0F}.Debug|Any CPU.ActiveCfg = Debug|Any CPU
		{769ECF37-9DF8-4FBC-89F6-AA8563A08A0F}.Debug|Any CPU.Build.0 = Debug|Any CPU
		{769ECF37-9DF8-4FBC-89F6-AA8563A08A0F}.Release|Any CPU.ActiveCfg = Release|Any CPU
		{769ECF37-9DF8-4FBC-89F6-AA8563A08A0F}.Release|Any CPU.Build.0 = Release|Any CPU
		{8A1125A5-88AA-4A2D-A230-75C137817080}.Debug|Any CPU.ActiveCfg = Debug|Any CPU
		{8A1125A5-88AA-4A2D-A230-75C137817080}.Debug|Any CPU.Build.0 = Debug|Any CPU
		{8A1125A5-88AA-4A2D-A230-75C137817080}.Release|Any CPU.ActiveCfg = Release|Any CPU
		{8A1125A5-88AA-4A2D-A230-75C137817080}.Release|Any CPU.Build.0 = Release|Any CPU
		{86301FCB-1060-4217-88AD-22D295974C58}.Debug|Any CPU.ActiveCfg = Debug|Any CPU
		{86301FCB-1060-4217-88AD-22D295974C58}.Debug|Any CPU.Build.0 = Debug|Any CPU
		{86301FCB-1060-4217-88AD-22D295974C58}.Release|Any CPU.ActiveCfg = Release|Any CPU
		{86301FCB-1060-4217-88AD-22D295974C58}.Release|Any CPU.Build.0 = Release|Any CPU
		{978DC30C-64BB-482D-97E4-A5E5D98A44EE}.Debug|Any CPU.ActiveCfg = Debug|Any CPU
		{978DC30C-64BB-482D-97E4-A5E5D98A44EE}.Debug|Any CPU.Build.0 = Debug|Any CPU
		{978DC30C-64BB-482D-97E4-A5E5D98A44EE}.Release|Any CPU.ActiveCfg = Release|Any CPU
		{978DC30C-64BB-482D-97E4-A5E5D98A44EE}.Release|Any CPU.Build.0 = Release|Any CPU
		{094DC61A-273C-4127-AE41-B59B2DE4855B}.Debug|Any CPU.ActiveCfg = Debug|Any CPU
		{094DC61A-273C-4127-AE41-B59B2DE4855B}.Debug|Any CPU.Build.0 = Debug|Any CPU
		{094DC61A-273C-4127-AE41-B59B2DE4855B}.Release|Any CPU.ActiveCfg = Release|Any CPU
		{094DC61A-273C-4127-AE41-B59B2DE4855B}.Release|Any CPU.Build.0 = Release|Any CPU
		{245E7226-E240-497D-AD98-0496F2FB1ADA}.Debug|Any CPU.ActiveCfg = Debug|Any CPU
		{245E7226-E240-497D-AD98-0496F2FB1ADA}.Debug|Any CPU.Build.0 = Debug|Any CPU
		{245E7226-E240-497D-AD98-0496F2FB1ADA}.Release|Any CPU.ActiveCfg = Release|Any CPU
		{245E7226-E240-497D-AD98-0496F2FB1ADA}.Release|Any CPU.Build.0 = Release|Any CPU
		{693D6ED5-897A-4300-9A9E-C60338599BF1}.Debug|Any CPU.ActiveCfg = Debug|Any CPU
		{693D6ED5-897A-4300-9A9E-C60338599BF1}.Debug|Any CPU.Build.0 = Debug|Any CPU
		{693D6ED5-897A-4300-9A9E-C60338599BF1}.Release|Any CPU.ActiveCfg = Release|Any CPU
		{693D6ED5-897A-4300-9A9E-C60338599BF1}.Release|Any CPU.Build.0 = Release|Any CPU
	EndGlobalSection
	GlobalSection(SolutionProperties) = preSolution
		HideSolutionNode = FALSE
	EndGlobalSection
	GlobalSection(NestedProjects) = preSolution
		{04352A9A-9DBD-4CEB-89FB-1D18F74C7635} = {2185943D-22B3-4B71-9068-BEDA9F7667DA}
		{EEA925FB-74BA-42CD-8040-3F6B275BE70F} = {2185943D-22B3-4B71-9068-BEDA9F7667DA}
		{4A4A370D-846D-4961-8FBC-6C8405DF47A4} = {2185943D-22B3-4B71-9068-BEDA9F7667DA}
		{C569370B-234D-4717-8DCA-B1A523577445} = {04352A9A-9DBD-4CEB-89FB-1D18F74C7635}
		{F25CA6BC-6193-4CAC-9361-358A40E2EEF7} = {EEA925FB-74BA-42CD-8040-3F6B275BE70F}
		{D14ED5A4-28BE-4C2D-B7BD-9D2EB1E296E7} = {EEA925FB-74BA-42CD-8040-3F6B275BE70F}
		{83BE541A-B354-41CF-828F-CCD2252CB3A8} = {8FDCE896-11DC-4A35-8624-2D5909C080EA}
		{5C76B63A-41AE-48BB-BB81-718B40C0CFB0} = {4A4A370D-846D-4961-8FBC-6C8405DF47A4}
		{D2B4FC2C-7B62-4078-BA33-13086F2F3B8F} = {4A4A370D-846D-4961-8FBC-6C8405DF47A4}
		{4E6F5467-DCB9-42CD-ADD3-1B91B644CF73} = {43FF568E-0231-446F-94E9-5ADF50B32719}
		{08579082-A0A4-45D7-9B54-6787B3DEC7FB} = {AC5C6CBA-19E0-41C7-8820-1AFB431E51A2}
		{D2FEF1C1-FA36-4412-AC9B-7051B053DB13} = {AC5C6CBA-19E0-41C7-8820-1AFB431E51A2}
		{FDD90C5C-8410-4774-8A36-7E1CBC66D11C} = {AC5C6CBA-19E0-41C7-8820-1AFB431E51A2}
		{7223350F-8B46-4AA5-9061-2CF92607B723} = {08579082-A0A4-45D7-9B54-6787B3DEC7FB}
		{244D2918-CA0E-4A6B-BD31-A1D585782F5A} = {D2FEF1C1-FA36-4412-AC9B-7051B053DB13}
		{20B49644-4704-44CE-BD31-0727595961C0} = {D2FEF1C1-FA36-4412-AC9B-7051B053DB13}
		{76D4306A-5F09-4F05-BEA6-DA087DBA31B8} = {FDD90C5C-8410-4774-8A36-7E1CBC66D11C}
		{31C51181-DD21-44C1-9094-5087C4B0BFF9} = {FDD90C5C-8410-4774-8A36-7E1CBC66D11C}
		{FD1F8AE8-0C22-4442-A343-9271F6A7AE77} = {95CDA0E7-F744-450D-894E-5E1831206CFD}
		{63405A7B-60FB-44E3-A958-17781FCE25F8} = {FD1F8AE8-0C22-4442-A343-9271F6A7AE77}
		{8A54040B-88A9-4338-A060-941C9DB5A801} = {95CDA0E7-F744-450D-894E-5E1831206CFD}
		{D4769A2A-E715-472E-8086-218710E05EEA} = {8A54040B-88A9-4338-A060-941C9DB5A801}
		{AC417A11-D23B-4B35-A51C-A294F871568B} = {8A54040B-88A9-4338-A060-941C9DB5A801}
		{5A459B0F-5AD2-4DAC-B398-0F15C8E8FF24} = {95CDA0E7-F744-450D-894E-5E1831206CFD}
		{CDE1CEC3-8E26-4758-9C57-B852831A13BD} = {5A459B0F-5AD2-4DAC-B398-0F15C8E8FF24}
		{EEEB7CAF-3410-4F29-B19E-169F0120C64D} = {5A459B0F-5AD2-4DAC-B398-0F15C8E8FF24}
		{391D4E4B-A580-44DF-A726-AFB4644B1E51} = {F9876AD2-5198-45F9-AA65-A98AEB813255}
		{88BEAC18-9D07-4923-8D7E-FA1BBC2E24DF} = {F9876AD2-5198-45F9-AA65-A98AEB813255}
		{B3525F06-A145-4782-A12F-84B6EB3F721A} = {F9876AD2-5198-45F9-AA65-A98AEB813255}
		{B6280E77-7B15-4372-8570-F80B97E50A75} = {391D4E4B-A580-44DF-A726-AFB4644B1E51}
		{3E63C084-DD0B-4DF9-A8EC-E50B0CE0F279} = {88BEAC18-9D07-4923-8D7E-FA1BBC2E24DF}
		{E52BC44E-C3F6-4B1D-88ED-B2A92ECE160E} = {88BEAC18-9D07-4923-8D7E-FA1BBC2E24DF}
		{769ECF37-9DF8-4FBC-89F6-AA8563A08A0F} = {B3525F06-A145-4782-A12F-84B6EB3F721A}
		{8A1125A5-88AA-4A2D-A230-75C137817080} = {B3525F06-A145-4782-A12F-84B6EB3F721A}
		{CCAB54DA-93A8-4883-9732-726E33D76A8A} = {29E98F90-CE2B-429B-A82A-1864CC5D4D51}
		{483CC647-A17E-422E-AAB1-396DBE15F905} = {29E98F90-CE2B-429B-A82A-1864CC5D4D51}
		{7E2BE4DD-7B05-4FE0-9707-6F72704F54B0} = {29E98F90-CE2B-429B-A82A-1864CC5D4D51}
		{86301FCB-1060-4217-88AD-22D295974C58} = {CCAB54DA-93A8-4883-9732-726E33D76A8A}
		{978DC30C-64BB-482D-97E4-A5E5D98A44EE} = {483CC647-A17E-422E-AAB1-396DBE15F905}
		{094DC61A-273C-4127-AE41-B59B2DE4855B} = {483CC647-A17E-422E-AAB1-396DBE15F905}
		{245E7226-E240-497D-AD98-0496F2FB1ADA} = {7E2BE4DD-7B05-4FE0-9707-6F72704F54B0}
		{693D6ED5-897A-4300-9A9E-C60338599BF1} = {7E2BE4DD-7B05-4FE0-9707-6F72704F54B0}
	EndGlobalSection
	GlobalSection(ExtensibilityGlobals) = postSolution
		SolutionGuid = {A730691C-AE1D-4063-B98F-62BA30BA5496}
	EndGlobalSection
EndGlobal
